
Microsoft Visual Studio Solution File, Format Version 12.00
# Visual Studio Version 16
VisualStudioVersion = 16.0.30523.141
MinimumVisualStudioVersion = 10.0.40219.1
Project("{9A19103F-16F7-4668-BE54-9A1E7A4F7556}") = "Frogy", "Frogy\Frogy.csproj", "{A147FB68-F76B-4317-9B24-1A467EEC3669}"
EndProject
Project("{9A19103F-16F7-4668-BE54-9A1E7A4F7556}") = "ComparingObjects", "Comparing Objects\ComparingObjects.csproj", "{AA98A5D5-FF35-401B-9348-3C354F3B440A}"
EndProject
Project("{FAE04EC0-301F-11D3-BF4B-00C04F79EFBC}") = "ListyIterator", "ListIterator\ListyIterator.csproj", "{AB96F8E4-89B9-428A-B028-E61526769214}"
EndProject
Project("{FAE04EC0-301F-11D3-BF4B-00C04F79EFBC}") = "Stack", "Stack\Stack.csproj", "{7BDBFEBA-7215-4E6E-B19F-6A318E19D165}"
EndProject
Global
	GlobalSection(SolutionConfigurationPlatforms) = preSolution
		Debug|Any CPU = Debug|Any CPU
		Release|Any CPU = Release|Any CPU
	EndGlobalSection
	GlobalSection(ProjectConfigurationPlatforms) = postSolution
		{A147FB68-F76B-4317-9B24-1A467EEC3669}.Debug|Any CPU.ActiveCfg = Debug|Any CPU
		{A147FB68-F76B-4317-9B24-1A467EEC3669}.Debug|Any CPU.Build.0 = Debug|Any CPU
		{A147FB68-F76B-4317-9B24-1A467EEC3669}.Release|Any CPU.ActiveCfg = Release|Any CPU
		{A147FB68-F76B-4317-9B24-1A467EEC3669}.Release|Any CPU.Build.0 = Release|Any CPU
		{AA98A5D5-FF35-401B-9348-3C354F3B440A}.Debug|Any CPU.ActiveCfg = Debug|Any CPU
		{AA98A5D5-FF35-401B-9348-3C354F3B440A}.Debug|Any CPU.Build.0 = Debug|Any CPU
		{AA98A5D5-FF35-401B-9348-3C354F3B440A}.Release|Any CPU.ActiveCfg = Release|Any CPU
		{AA98A5D5-FF35-401B-9348-3C354F3B440A}.Release|Any CPU.Build.0 = Release|Any CPU
		{AB96F8E4-89B9-428A-B028-E61526769214}.Debug|Any CPU.ActiveCfg = Debug|Any CPU
		{AB96F8E4-89B9-428A-B028-E61526769214}.Debug|Any CPU.Build.0 = Debug|Any CPU
		{AB96F8E4-89B9-428A-B028-E61526769214}.Release|Any CPU.ActiveCfg = Release|Any CPU
		{AB96F8E4-89B9-428A-B028-E61526769214}.Release|Any CPU.Build.0 = Release|Any CPU
		{7BDBFEBA-7215-4E6E-B19F-6A318E19D165}.Debug|Any CPU.ActiveCfg = Debug|Any CPU
		{7BDBFEBA-7215-4E6E-B19F-6A318E19D165}.Debug|Any CPU.Build.0 = Debug|Any CPU
		{7BDBFEBA-7215-4E6E-B19F-6A318E19D165}.Release|Any CPU.ActiveCfg = Release|Any CPU
		{7BDBFEBA-7215-4E6E-B19F-6A318E19D165}.Release|Any CPU.Build.0 = Release|Any CPU
	EndGlobalSection
	GlobalSection(SolutionProperties) = preSolution
		HideSolutionNode = FALSE
	EndGlobalSection
	GlobalSection(ExtensibilityGlobals) = postSolution
		SolutionGuid = {DABEAEFC-FFFC-49E7-B8FF-68A1B5C0FC91}
	EndGlobalSection
EndGlobal
